
Microsoft Visual Studio Solution File, Format Version 12.00
# Visual Studio Version 17
VisualStudioVersion = 17.5.002.0
MinimumVisualStudioVersion = 10.0.40219.1
Project("{9A19103F-16F7-4668-BE54-9A1E7A4F7556}") = "txtStartrek", "console\txtStartrek.csproj", "{AF6D5A65-99F7-402D-9136-4ECF70ED7904}"
EndProject
Project("{9A19103F-16F7-4668-BE54-9A1E7A4F7556}") = "startrek-demo", "web\startrek-demo.csproj", "{D5C3DF73-9D18-4551-9318-CFB7EC732C74}"
EndProject
Project("{9A19103F-16F7-4668-BE54-9A1E7A4F7556}") = "chocoSpock", "chocoSpock\chocoSpock.csproj", "{BE9FCBC5-51F7-40E7-9B06-B1555550AB56}"
EndProject
Global
	GlobalSection(SolutionConfigurationPlatforms) = preSolution
		Debug|Any CPU = Debug|Any CPU
		Release|Any CPU = Release|Any CPU
	EndGlobalSection
	GlobalSection(ProjectConfigurationPlatforms) = postSolution
		{AF6D5A65-99F7-402D-9136-4ECF70ED7904}.Debug|Any CPU.ActiveCfg = Debug|Any CPU
		{AF6D5A65-99F7-402D-9136-4ECF70ED7904}.Debug|Any CPU.Build.0 = Debug|Any CPU
		{AF6D5A65-99F7-402D-9136-4ECF70ED7904}.Release|Any CPU.ActiveCfg = Release|Any CPU
		{AF6D5A65-99F7-402D-9136-4ECF70ED7904}.Release|Any CPU.Build.0 = Release|Any CPU
		{D5C3DF73-9D18-4551-9318-CFB7EC732C74}.Debug|Any CPU.ActiveCfg = Debug|Any CPU
		{D5C3DF73-9D18-4551-9318-CFB7EC732C74}.Debug|Any CPU.Build.0 = Debug|Any CPU
		{D5C3DF73-9D18-4551-9318-CFB7EC732C74}.Release|Any CPU.ActiveCfg = Release|Any CPU
		{D5C3DF73-9D18-4551-9318-CFB7EC732C74}.Release|Any CPU.Build.0 = Release|Any CPU
		{BE9FCBC5-51F7-40E7-9B06-B1555550AB56}.Debug|Any CPU.ActiveCfg = Debug|Any CPU
		{BE9FCBC5-51F7-40E7-9B06-B1555550AB56}.Debug|Any CPU.Build.0 = Debug|Any CPU
		{BE9FCBC5-51F7-40E7-9B06-B1555550AB56}.Release|Any CPU.ActiveCfg = Release|Any CPU
		{BE9FCBC5-51F7-40E7-9B06-B1555550AB56}.Release|Any CPU.Build.0 = Release|Any CPU
	EndGlobalSection
	GlobalSection(SolutionProperties) = preSolution
		HideSolutionNode = FALSE
	EndGlobalSection
	GlobalSection(ExtensibilityGlobals) = postSolution
		SolutionGuid = {E50DBD09-6CB9-4493-BCEA-C86DA4A80587}
	EndGlobalSection
EndGlobal
